
Microsoft Visual Studio Solution File, Format Version 12.00
# Visual Studio Version 17
VisualStudioVersion = 17.13.35825.156
MinimumVisualStudioVersion = 10.0.40219.1
Project("{FAE04EC0-301F-11D3-BF4B-00C04F79EFBC}") = "AppLibrary", "AppLibrary\AppLibrary.csproj", "{355BA4B8-0FE4-4FA0-B924-C124E9FA8D74}"
EndProject
Global
	GlobalSection(SolutionConfigurationPlatforms) = preSolution
		Debug|Any CPU = Debug|Any CPU
		Release|Any CPU = Release|Any CPU
	EndGlobalSection
	GlobalSection(ProjectConfigurationPlatforms) = postSolution
		{355BA4B8-0FE4-4FA0-B924-C124E9FA8D74}.Debug|Any CPU.ActiveCfg = Debug|Any CPU
		{355BA4B8-0FE4-4FA0-B924-C124E9FA8D74}.Debug|Any CPU.Build.0 = Debug|Any CPU
		{355BA4B8-0FE4-4FA0-B924-C124E9FA8D74}.Release|Any CPU.ActiveCfg = Release|Any CPU
		{355BA4B8-0FE4-4FA0-B924-C124E9FA8D74}.Release|Any CPU.Build.0 = Release|Any CPU
	EndGlobalSection
	GlobalSection(SolutionProperties) = preSolution
		HideSolutionNode = FALSE
	EndGlobalSection
	GlobalSection(ExtensibilityGlobals) = postSolution
		SolutionGuid = {3DA4BA7A-2F32-4E7B-AF1E-BBAFDAB22CE1}
	EndGlobalSection
EndGlobal
